
Microsoft Visual Studio Solution File, Format Version 12.00
# Visual Studio Version 16
VisualStudioVersion = 16.0.31729.503
MinimumVisualStudioVersion = 10.0.40219.1
Project("{FAE04EC0-301F-11D3-BF4B-00C04F79EFBC}") = "SampleEntityFramework", "SampleEntityFramework\SampleEntityFramework.csproj", "{D809AEE1-39E7-45B1-885B-27BC289C1631}"
EndProject
Global
	GlobalSection(SolutionConfigurationPlatforms) = preSolution
		Debug|Any CPU = Debug|Any CPU
		Release|Any CPU = Release|Any CPU
	EndGlobalSection
	GlobalSection(ProjectConfigurationPlatforms) = postSolution
		{D809AEE1-39E7-45B1-885B-27BC289C1631}.Debug|Any CPU.ActiveCfg = Debug|Any CPU
		{D809AEE1-39E7-45B1-885B-27BC289C1631}.Debug|Any CPU.Build.0 = Debug|Any CPU
		{D809AEE1-39E7-45B1-885B-27BC289C1631}.Release|Any CPU.ActiveCfg = Release|Any CPU
		{D809AEE1-39E7-45B1-885B-27BC289C1631}.Release|Any CPU.Build.0 = Release|Any CPU
	EndGlobalSection
	GlobalSection(SolutionProperties) = preSolution
		HideSolutionNode = FALSE
	EndGlobalSection
	GlobalSection(ExtensibilityGlobals) = postSolution
		SolutionGuid = {E97B7A06-7552-4896-BC79-536745CD6F80}
	EndGlobalSection
EndGlobal
